
Microsoft Visual Studio Solution File, Format Version 12.00
# Visual Studio Version 16
VisualStudioVersion = 16.0.809.4
MinimumVisualStudioVersion = 10.0.40219.1
Project("{FAE04EC0-301F-11D3-BF4B-00C04F79EFBC}") = "CSharpTestExample", "CSharpTestExample\CSharpTestExample.csproj", "{3B888614-49D2-438C-8C39-F06EF962ADBB}"
EndProject
Project("{FAE04EC0-301F-11D3-BF4B-00C04F79EFBC}") = "CSharpTests", "CSharpTests\CSharpTests.csproj", "{42D43BF4-25B5-49AF-B203-DE43481F5551}"
EndProject
Global
	GlobalSection(SolutionConfigurationPlatforms) = preSolution
		Debug|Any CPU = Debug|Any CPU
		Release|Any CPU = Release|Any CPU
	EndGlobalSection
	GlobalSection(ProjectConfigurationPlatforms) = postSolution
		{3B888614-49D2-438C-8C39-F06EF962ADBB}.Debug|Any CPU.ActiveCfg = Debug|Any CPU
		{3B888614-49D2-438C-8C39-F06EF962ADBB}.Debug|Any CPU.Build.0 = Debug|Any CPU
		{3B888614-49D2-438C-8C39-F06EF962ADBB}.Release|Any CPU.ActiveCfg = Release|Any CPU
		{3B888614-49D2-438C-8C39-F06EF962ADBB}.Release|Any CPU.Build.0 = Release|Any CPU
		{42D43BF4-25B5-49AF-B203-DE43481F5551}.Debug|Any CPU.ActiveCfg = Debug|Any CPU
		{42D43BF4-25B5-49AF-B203-DE43481F5551}.Debug|Any CPU.Build.0 = Debug|Any CPU
		{42D43BF4-25B5-49AF-B203-DE43481F5551}.Release|Any CPU.ActiveCfg = Release|Any CPU
		{42D43BF4-25B5-49AF-B203-DE43481F5551}.Release|Any CPU.Build.0 = Release|Any CPU
	EndGlobalSection
	GlobalSection(SolutionProperties) = preSolution
		HideSolutionNode = FALSE
	EndGlobalSection
	GlobalSection(ExtensibilityGlobals) = postSolution
		SolutionGuid = {3F375A3D-724A-4686-9929-DEE1B8D8387C}
	EndGlobalSection
EndGlobal
